
Microsoft Visual Studio Solution File, Format Version 12.00
# Visual Studio Version 17
VisualStudioVersion = 17.12.35521.163 d17.12
MinimumVisualStudioVersion = 10.0.40219.1
Project("{FAE04EC0-301F-11D3-BF4B-00C04F79EFBC}") = "Domain", "Domain\Domain.csproj", "{66B8D69B-5AC5-47AD-B746-E6B385598A4A}"
EndProject
Project("{FAE04EC0-301F-11D3-BF4B-00C04F79EFBC}") = "Application", "Application\Application.csproj", "{D67A7862-3808-4869-9E4E-2725A60A07A0}"
EndProject
Project("{FAE04EC0-301F-11D3-BF4B-00C04F79EFBC}") = "Infastructure", "Infastructure\Infastructure.csproj", "{C6C221A2-273B-4DAF-81F0-F87FD696A1B3}"
EndProject
Project("{FAE04EC0-301F-11D3-BF4B-00C04F79EFBC}") = "WebApi", "WebApi\WebApi.csproj", "{3DCC99A8-AEC8-473B-8AEA-CFDD11E8E8F5}"
EndProject
Global
	GlobalSection(SolutionConfigurationPlatforms) = preSolution
		Debug|Any CPU = Debug|Any CPU
		Release|Any CPU = Release|Any CPU
	EndGlobalSection
	GlobalSection(ProjectConfigurationPlatforms) = postSolution
		{66B8D69B-5AC5-47AD-B746-E6B385598A4A}.Debug|Any CPU.ActiveCfg = Debug|Any CPU
		{66B8D69B-5AC5-47AD-B746-E6B385598A4A}.Debug|Any CPU.Build.0 = Debug|Any CPU
		{66B8D69B-5AC5-47AD-B746-E6B385598A4A}.Release|Any CPU.ActiveCfg = Release|Any CPU
		{66B8D69B-5AC5-47AD-B746-E6B385598A4A}.Release|Any CPU.Build.0 = Release|Any CPU
		{D67A7862-3808-4869-9E4E-2725A60A07A0}.Debug|Any CPU.ActiveCfg = Debug|Any CPU
		{D67A7862-3808-4869-9E4E-2725A60A07A0}.Debug|Any CPU.Build.0 = Debug|Any CPU
		{D67A7862-3808-4869-9E4E-2725A60A07A0}.Release|Any CPU.ActiveCfg = Release|Any CPU
		{D67A7862-3808-4869-9E4E-2725A60A07A0}.Release|Any CPU.Build.0 = Release|Any CPU
		{C6C221A2-273B-4DAF-81F0-F87FD696A1B3}.Debug|Any CPU.ActiveCfg = Debug|Any CPU
		{C6C221A2-273B-4DAF-81F0-F87FD696A1B3}.Debug|Any CPU.Build.0 = Debug|Any CPU
		{C6C221A2-273B-4DAF-81F0-F87FD696A1B3}.Release|Any CPU.ActiveCfg = Release|Any CPU
		{C6C221A2-273B-4DAF-81F0-F87FD696A1B3}.Release|Any CPU.Build.0 = Release|Any CPU
		{3DCC99A8-AEC8-473B-8AEA-CFDD11E8E8F5}.Debug|Any CPU.ActiveCfg = Debug|Any CPU
		{3DCC99A8-AEC8-473B-8AEA-CFDD11E8E8F5}.Debug|Any CPU.Build.0 = Debug|Any CPU
		{3DCC99A8-AEC8-473B-8AEA-CFDD11E8E8F5}.Release|Any CPU.ActiveCfg = Release|Any CPU
		{3DCC99A8-AEC8-473B-8AEA-CFDD11E8E8F5}.Release|Any CPU.Build.0 = Release|Any CPU
	EndGlobalSection
	GlobalSection(SolutionProperties) = preSolution
		HideSolutionNode = FALSE
	EndGlobalSection
EndGlobal
